
Microsoft Visual Studio Solution File, Format Version 12.00
# Visual Studio 14
VisualStudioVersion = 14.0.23107.0
MinimumVisualStudioVersion = 10.0.40219.1
Project("{FAE04EC0-301F-11D3-BF4B-00C04F79EFBC}") = "HosptialSystemUI", "HosptialSystemUI\HosptialSystemUI.csproj", "{16840BAA-AAF3-4B36-8255-4A281D89DD02}"
	ProjectSection(ProjectDependencies) = postProject
		{FA31EA7F-F100-4506-8009-C91E9ED69B82} = {FA31EA7F-F100-4506-8009-C91E9ED69B82}
	EndProjectSection
EndProject
Project("{FAE04EC0-301F-11D3-BF4B-00C04F79EFBC}") = "HosptialSystem", "..\HosptialSystem\HosptialSystem\HosptialSystem.csproj", "{FA31EA7F-F100-4506-8009-C91E9ED69B82}"
EndProject
Global
	GlobalSection(SolutionConfigurationPlatforms) = preSolution
		Debug|Any CPU = Debug|Any CPU
		Release|Any CPU = Release|Any CPU
	EndGlobalSection
	GlobalSection(ProjectConfigurationPlatforms) = postSolution
		{16840BAA-AAF3-4B36-8255-4A281D89DD02}.Debug|Any CPU.ActiveCfg = Debug|Any CPU
		{16840BAA-AAF3-4B36-8255-4A281D89DD02}.Debug|Any CPU.Build.0 = Debug|Any CPU
		{16840BAA-AAF3-4B36-8255-4A281D89DD02}.Release|Any CPU.ActiveCfg = Release|Any CPU
		{16840BAA-AAF3-4B36-8255-4A281D89DD02}.Release|Any CPU.Build.0 = Release|Any CPU
		{FA31EA7F-F100-4506-8009-C91E9ED69B82}.Debug|Any CPU.ActiveCfg = Debug|Any CPU
		{FA31EA7F-F100-4506-8009-C91E9ED69B82}.Debug|Any CPU.Build.0 = Debug|Any CPU
		{FA31EA7F-F100-4506-8009-C91E9ED69B82}.Release|Any CPU.ActiveCfg = Release|Any CPU
		{FA31EA7F-F100-4506-8009-C91E9ED69B82}.Release|Any CPU.Build.0 = Release|Any CPU
	EndGlobalSection
	GlobalSection(SolutionProperties) = preSolution
		HideSolutionNode = FALSE
	EndGlobalSection
EndGlobal
